
Microsoft Visual Studio Solution File, Format Version 12.00
# Visual Studio Version 16
VisualStudioVersion = 16.0.31129.286
MinimumVisualStudioVersion = 10.0.40219.1
Project("{FAE04EC0-301F-11D3-BF4B-00C04F79EFBC}") = "BigBanTheory_Project5", "BigBanTheory_Project5.csproj", "{0A163C36-64E1-46C4-984F-0569010A6B33}"
EndProject
Global
	GlobalSection(SolutionConfigurationPlatforms) = preSolution
		Debug|Any CPU = Debug|Any CPU
		Release|Any CPU = Release|Any CPU
	EndGlobalSection
	GlobalSection(ProjectConfigurationPlatforms) = postSolution
		{0A163C36-64E1-46C4-984F-0569010A6B33}.Debug|Any CPU.ActiveCfg = Debug|Any CPU
		{0A163C36-64E1-46C4-984F-0569010A6B33}.Debug|Any CPU.Build.0 = Debug|Any CPU
		{0A163C36-64E1-46C4-984F-0569010A6B33}.Release|Any CPU.ActiveCfg = Release|Any CPU
		{0A163C36-64E1-46C4-984F-0569010A6B33}.Release|Any CPU.Build.0 = Release|Any CPU
	EndGlobalSection
	GlobalSection(SolutionProperties) = preSolution
		HideSolutionNode = FALSE
	EndGlobalSection
	GlobalSection(ExtensibilityGlobals) = postSolution
		SolutionGuid = {D191FA89-23B8-4DA8-AE07-69F2BDA4084A}
	EndGlobalSection
EndGlobal
